
Microsoft Visual Studio Solution File, Format Version 12.00
# Visual Studio Version 17
VisualStudioVersion = 17.5.33516.290
MinimumVisualStudioVersion = 10.0.40219.1
Project("{9A19103F-16F7-4668-BE54-9A1E7A4F7556}") = "MicrosoftRewardsFarmerUI", "MicrosoftRewardsFarmerUI\MicrosoftRewardsFarmerUI.csproj", "{DA8E897C-3A8E-484D-9035-9887D8931183}"
EndProject
Project("{54435603-DBB4-11D2-8724-00A0C9A8B90C}") = "MicrosoftRewardsFarmerInstaller", "MicrosoftRewardsFarmerInstaller\MicrosoftRewardsFarmerInstaller.vdproj", "{6A99D7D7-5DD2-4C5C-9125-37707B4BACEC}"
EndProject
Global
	GlobalSection(SolutionConfigurationPlatforms) = preSolution
		Debug|Any CPU = Debug|Any CPU
		Release|Any CPU = Release|Any CPU
	EndGlobalSection
	GlobalSection(ProjectConfigurationPlatforms) = postSolution
		{DA8E897C-3A8E-484D-9035-9887D8931183}.Debug|Any CPU.ActiveCfg = Debug|Any CPU
		{DA8E897C-3A8E-484D-9035-9887D8931183}.Debug|Any CPU.Build.0 = Debug|Any CPU
		{DA8E897C-3A8E-484D-9035-9887D8931183}.Release|Any CPU.ActiveCfg = Release|Any CPU
		{DA8E897C-3A8E-484D-9035-9887D8931183}.Release|Any CPU.Build.0 = Release|Any CPU
		{6A99D7D7-5DD2-4C5C-9125-37707B4BACEC}.Debug|Any CPU.ActiveCfg = Debug
		{6A99D7D7-5DD2-4C5C-9125-37707B4BACEC}.Release|Any CPU.ActiveCfg = Release
	EndGlobalSection
	GlobalSection(SolutionProperties) = preSolution
		HideSolutionNode = FALSE
	EndGlobalSection
	GlobalSection(ExtensibilityGlobals) = postSolution
		SolutionGuid = {C29A0B60-C996-411F-918B-C67A859F02A8}
	EndGlobalSection
EndGlobal
