
Microsoft Visual Studio Solution File, Format Version 12.00
# Visual Studio Version 17
VisualStudioVersion = 17.5.33516.290
MinimumVisualStudioVersion = 10.0.40219.1
Project("{FAE04EC0-301F-11D3-BF4B-00C04F79EFBC}") = "MicrosoftRewardsFarmerUI", "MicrosoftRewardsFarmerUI.csproj", "{E212111A-D9B2-451D-BA9B-BFE4B4605BB7}"
EndProject
Global
	GlobalSection(SolutionConfigurationPlatforms) = preSolution
		Debug|Any CPU = Debug|Any CPU
		Release|Any CPU = Release|Any CPU
	EndGlobalSection
	GlobalSection(ProjectConfigurationPlatforms) = postSolution
		{E212111A-D9B2-451D-BA9B-BFE4B4605BB7}.Debug|Any CPU.ActiveCfg = Debug|Any CPU
		{E212111A-D9B2-451D-BA9B-BFE4B4605BB7}.Debug|Any CPU.Build.0 = Debug|Any CPU
		{E212111A-D9B2-451D-BA9B-BFE4B4605BB7}.Release|Any CPU.ActiveCfg = Release|Any CPU
		{E212111A-D9B2-451D-BA9B-BFE4B4605BB7}.Release|Any CPU.Build.0 = Release|Any CPU
	EndGlobalSection
	GlobalSection(SolutionProperties) = preSolution
		HideSolutionNode = FALSE
	EndGlobalSection
	GlobalSection(ExtensibilityGlobals) = postSolution
		SolutionGuid = {C29A0B60-C996-411F-918B-C67A859F02A8}
	EndGlobalSection
EndGlobal
